// !$*UTF8*$!
{
	archiveVersion = 1;
	classes = {
	};
	objectVersion = 56;
	objects = {

/* Begin PBXBuildFile section */
		FF55F0472B20B5F300E16F6C /* NANetworkTests.swift in Sources */ = {isa = PBXBuildFile; fileRef = FF55F0462B20B5F300E16F6C /* NANetworkTests.swift */; };
		FF55F0482B20B5F300E16F6C /* NANetwork.framework in Frameworks */ = {isa = PBXBuildFile; fileRef = FF8BC17F2B10ABE0000822D2 /* NANetwork.framework */; };
		FF55F04F2B20B61700E16F6C /* NetworkDataSourceTests.swift in Sources */ = {isa = PBXBuildFile; fileRef = FF55F04E2B20B61700E16F6C /* NetworkDataSourceTests.swift */; };
		FF8BC1842B10ABE0000822D2 /* NANetwork.docc in Sources */ = {isa = PBXBuildFile; fileRef = FF8BC1832B10ABE0000822D2 /* NANetwork.docc */; };
		FF8BC1852B10ABE0000822D2 /* NANetwork.h in Headers */ = {isa = PBXBuildFile; fileRef = FF8BC1822B10ABE0000822D2 /* NANetwork.h */; settings = {ATTRIBUTES = (Public, ); }; };
		FF8BC1922B10AC3F000822D2 /* NANetwork+URLSession.swift in Sources */ = {isa = PBXBuildFile; fileRef = FF8BC1912B10AC3F000822D2 /* NANetwork+URLSession.swift */; };
		FF8BC1DA2B10B3B1000822D2 /* NetworkDataSource.swift in Sources */ = {isa = PBXBuildFile; fileRef = FF8BC1D92B10B3B1000822D2 /* NetworkDataSource.swift */; };
		FF8BC1DD2B10B3DB000822D2 /* NAModels.framework in Frameworks */ = {isa = PBXBuildFile; fileRef = FF8BC1DC2B10B3DB000822D2 /* NAModels.framework */; };
		FF8BC1DE2B10B3DB000822D2 /* NAModels.framework in Embed Frameworks */ = {isa = PBXBuildFile; fileRef = FF8BC1DC2B10B3DB000822D2 /* NAModels.framework */; settings = {ATTRIBUTES = (CodeSignOnCopy, RemoveHeadersOnCopy, ); }; };
		FF8BC23F2B14B60B000822D2 /* NANetwork+Bundle.swift in Sources */ = {isa = PBXBuildFile; fileRef = FF8BC23E2B14B60B000822D2 /* NANetwork+Bundle.swift */; };
		FF8D52B72B457BB7000DA5DF /* Apollo in Frameworks */ = {isa = PBXBuildFile; productRef = FF8D52B62B457BB7000DA5DF /* Apollo */; };
		FF8D52BA2B457D00000DA5DF /* countries.graphqls in Resources */ = {isa = PBXBuildFile; fileRef = FF8D52B92B457D00000DA5DF /* countries.graphqls */; };
		FF8D52BC2B4580EC000DA5DF /* GetCountry.graphql in Resources */ = {isa = PBXBuildFile; fileRef = FF8D52BB2B4580EC000DA5DF /* GetCountry.graphql */; };
		FF8D52CA2B4581F4000DA5DF /* NewsAppGraphQL.graphql.swift in Sources */ = {isa = PBXBuildFile; fileRef = FF8D52BE2B4581F4000DA5DF /* NewsAppGraphQL.graphql.swift */; };
		FF8D52CB2B4581F4000DA5DF /* GetCountryQuery.graphql.swift in Sources */ = {isa = PBXBuildFile; fileRef = FF8D52C12B4581F4000DA5DF /* GetCountryQuery.graphql.swift */; };
		FF8D52CC2B4581F4000DA5DF /* State.graphql.swift in Sources */ = {isa = PBXBuildFile; fileRef = FF8D52C42B4581F4000DA5DF /* State.graphql.swift */; };
		FF8D52CD2B4581F4000DA5DF /* Query.graphql.swift in Sources */ = {isa = PBXBuildFile; fileRef = FF8D52C52B4581F4000DA5DF /* Query.graphql.swift */; };
		FF8D52CE2B4581F4000DA5DF /* Country.graphql.swift in Sources */ = {isa = PBXBuildFile; fileRef = FF8D52C62B4581F4000DA5DF /* Country.graphql.swift */; };
		FF8D52CF2B4581F4000DA5DF /* Continent.graphql.swift in Sources */ = {isa = PBXBuildFile; fileRef = FF8D52C72B4581F4000DA5DF /* Continent.graphql.swift */; };
		FF8D52D02B4581F4000DA5DF /* SchemaConfiguration.swift in Sources */ = {isa = PBXBuildFile; fileRef = FF8D52C82B4581F4000DA5DF /* SchemaConfiguration.swift */; };
		FF8D52D12B4581F4000DA5DF /* SchemaMetadata.graphql.swift in Sources */ = {isa = PBXBuildFile; fileRef = FF8D52C92B4581F4000DA5DF /* SchemaMetadata.graphql.swift */; };
		FF8D52D32B4582FC000DA5DF /* GraphQLDataSource.swift in Sources */ = {isa = PBXBuildFile; fileRef = FF8D52D22B4582FC000DA5DF /* GraphQLDataSource.swift */; };
		FFBEAEAA2B22288D0014229F /* NetworkContainer.swift in Sources */ = {isa = PBXBuildFile; fileRef = FFBEAEA92B22288D0014229F /* NetworkContainer.swift */; };
		FFBEAEAD2B22289E0014229F /* Swinject in Frameworks */ = {isa = PBXBuildFile; productRef = FFBEAEAC2B22289E0014229F /* Swinject */; };
		FFBEAEB32B222B1F0014229F /* NetworkDataSourceMock.swift in Sources */ = {isa = PBXBuildFile; fileRef = FFBEAEB22B222B1F0014229F /* NetworkDataSourceMock.swift */; };
/* End PBXBuildFile section */

/* Begin PBXContainerItemProxy section */
		FF55F0492B20B5F300E16F6C /* PBXContainerItemProxy */ = {
			isa = PBXContainerItemProxy;
			containerPortal = FF8BC1762B10ABE0000822D2 /* Project object */;
			proxyType = 1;
			remoteGlobalIDString = FF8BC17E2B10ABE0000822D2;
			remoteInfo = NANetwork;
		};
/* End PBXContainerItemProxy section */

/* Begin PBXCopyFilesBuildPhase section */
		FF8BC1DF2B10B3DB000822D2 /* Embed Frameworks */ = {
			isa = PBXCopyFilesBuildPhase;
			buildActionMask = 2147483647;
			dstPath = "";
			dstSubfolderSpec = 10;
			files = (
				FF8BC1DE2B10B3DB000822D2 /* NAModels.framework in Embed Frameworks */,
			);
			name = "Embed Frameworks";
			runOnlyForDeploymentPostprocessing = 0;
		};
/* End PBXCopyFilesBuildPhase section */

/* Begin PBXFileReference section */
		FF55F0442B20B5F300E16F6C /* NANetworkTests.xctest */ = {isa = PBXFileReference; explicitFileType = wrapper.cfbundle; includeInIndex = 0; path = NANetworkTests.xctest; sourceTree = BUILT_PRODUCTS_DIR; };
		FF55F0462B20B5F300E16F6C /* NANetworkTests.swift */ = {isa = PBXFileReference; lastKnownFileType = sourcecode.swift; path = NANetworkTests.swift; sourceTree = "<group>"; };
		FF55F04E2B20B61700E16F6C /* NetworkDataSourceTests.swift */ = {isa = PBXFileReference; lastKnownFileType = sourcecode.swift; path = NetworkDataSourceTests.swift; sourceTree = "<group>"; };
		FF8BC17F2B10ABE0000822D2 /* NANetwork.framework */ = {isa = PBXFileReference; explicitFileType = wrapper.framework; includeInIndex = 0; path = NANetwork.framework; sourceTree = BUILT_PRODUCTS_DIR; };
		FF8BC1822B10ABE0000822D2 /* NANetwork.h */ = {isa = PBXFileReference; lastKnownFileType = sourcecode.c.h; path = NANetwork.h; sourceTree = "<group>"; };
		FF8BC1832B10ABE0000822D2 /* NANetwork.docc */ = {isa = PBXFileReference; lastKnownFileType = folder.documentationcatalog; path = NANetwork.docc; sourceTree = "<group>"; };
		FF8BC1912B10AC3F000822D2 /* NANetwork+URLSession.swift */ = {isa = PBXFileReference; lastKnownFileType = sourcecode.swift; path = "NANetwork+URLSession.swift"; sourceTree = "<group>"; };
		FF8BC1D92B10B3B1000822D2 /* NetworkDataSource.swift */ = {isa = PBXFileReference; lastKnownFileType = sourcecode.swift; path = NetworkDataSource.swift; sourceTree = "<group>"; };
		FF8BC1DC2B10B3DB000822D2 /* NAModels.framework */ = {isa = PBXFileReference; explicitFileType = wrapper.framework; path = NAModels.framework; sourceTree = BUILT_PRODUCTS_DIR; };
		FF8BC23D2B14B4AD000822D2 /* Info.plist */ = {isa = PBXFileReference; lastKnownFileType = text.plist; path = Info.plist; sourceTree = "<group>"; };
		FF8BC23E2B14B60B000822D2 /* NANetwork+Bundle.swift */ = {isa = PBXFileReference; lastKnownFileType = sourcecode.swift; path = "NANetwork+Bundle.swift"; sourceTree = "<group>"; };
		FF8D52B92B457D00000DA5DF /* countries.graphqls */ = {isa = PBXFileReference; fileEncoding = 4; lastKnownFileType = text; path = countries.graphqls; sourceTree = "<group>"; };
		FF8D52BB2B4580EC000DA5DF /* GetCountry.graphql */ = {isa = PBXFileReference; fileEncoding = 4; lastKnownFileType = text; path = GetCountry.graphql; sourceTree = "<group>"; };
		FF8D52BE2B4581F4000DA5DF /* NewsAppGraphQL.graphql.swift */ = {isa = PBXFileReference; fileEncoding = 4; lastKnownFileType = sourcecode.swift; path = NewsAppGraphQL.graphql.swift; sourceTree = "<group>"; };
		FF8D52C12B4581F4000DA5DF /* GetCountryQuery.graphql.swift */ = {isa = PBXFileReference; fileEncoding = 4; lastKnownFileType = sourcecode.swift; path = GetCountryQuery.graphql.swift; sourceTree = "<group>"; };
		FF8D52C42B4581F4000DA5DF /* State.graphql.swift */ = {isa = PBXFileReference; fileEncoding = 4; lastKnownFileType = sourcecode.swift; path = State.graphql.swift; sourceTree = "<group>"; };
		FF8D52C52B4581F4000DA5DF /* Query.graphql.swift */ = {isa = PBXFileReference; fileEncoding = 4; lastKnownFileType = sourcecode.swift; path = Query.graphql.swift; sourceTree = "<group>"; };
		FF8D52C62B4581F4000DA5DF /* Country.graphql.swift */ = {isa = PBXFileReference; fileEncoding = 4; lastKnownFileType = sourcecode.swift; path = Country.graphql.swift; sourceTree = "<group>"; };
		FF8D52C72B4581F4000DA5DF /* Continent.graphql.swift */ = {isa = PBXFileReference; fileEncoding = 4; lastKnownFileType = sourcecode.swift; path = Continent.graphql.swift; sourceTree = "<group>"; };
		FF8D52C82B4581F4000DA5DF /* SchemaConfiguration.swift */ = {isa = PBXFileReference; fileEncoding = 4; lastKnownFileType = sourcecode.swift; path = SchemaConfiguration.swift; sourceTree = "<group>"; };
		FF8D52C92B4581F4000DA5DF /* SchemaMetadata.graphql.swift */ = {isa = PBXFileReference; fileEncoding = 4; lastKnownFileType = sourcecode.swift; path = SchemaMetadata.graphql.swift; sourceTree = "<group>"; };
		FF8D52D22B4582FC000DA5DF /* GraphQLDataSource.swift */ = {isa = PBXFileReference; lastKnownFileType = sourcecode.swift; path = GraphQLDataSource.swift; sourceTree = "<group>"; };
		FFBEAEA92B22288D0014229F /* NetworkContainer.swift */ = {isa = PBXFileReference; lastKnownFileType = sourcecode.swift; path = NetworkContainer.swift; sourceTree = "<group>"; };
		FFBEAEB22B222B1F0014229F /* NetworkDataSourceMock.swift */ = {isa = PBXFileReference; lastKnownFileType = sourcecode.swift; path = NetworkDataSourceMock.swift; sourceTree = "<group>"; };
/* End PBXFileReference section */

/* Begin PBXFrameworksBuildPhase section */
		FF55F0412B20B5F300E16F6C /* Frameworks */ = {
			isa = PBXFrameworksBuildPhase;
			buildActionMask = 2147483647;
			files = (
				FF55F0482B20B5F300E16F6C /* NANetwork.framework in Frameworks */,
			);
			runOnlyForDeploymentPostprocessing = 0;
		};
		FF8BC17C2B10ABE0000822D2 /* Frameworks */ = {
			isa = PBXFrameworksBuildPhase;
			buildActionMask = 2147483647;
			files = (
				FF8D52B72B457BB7000DA5DF /* Apollo in Frameworks */,
				FF8BC1DD2B10B3DB000822D2 /* NAModels.framework in Frameworks */,
				FFBEAEAD2B22289E0014229F /* Swinject in Frameworks */,
			);
			runOnlyForDeploymentPostprocessing = 0;
		};
/* End PBXFrameworksBuildPhase section */

/* Begin PBXGroup section */
		FF55F0452B20B5F300E16F6C /* NANetworkTests */ = {
			isa = PBXGroup;
			children = (
				FF55F0462B20B5F300E16F6C /* NANetworkTests.swift */,
				FF55F04E2B20B61700E16F6C /* NetworkDataSourceTests.swift */,
			);
			path = NANetworkTests;
			sourceTree = "<group>";
		};
		FF8BC1752B10ABE0000822D2 = {
			isa = PBXGroup;
			children = (
				FF8D52BD2B4581F4000DA5DF /* NewsAppGraphQL */,
				FF8D52B82B457C1C000DA5DF /* GraphQL */,
				FFBEAEB22B222B1F0014229F /* NetworkDataSourceMock.swift */,
				FF8BC1812B10ABE0000822D2 /* NANetwork */,
				FF55F0452B20B5F300E16F6C /* NANetworkTests */,
				FF8BC1802B10ABE0000822D2 /* Products */,
				FF8BC1DB2B10B3DB000822D2 /* Frameworks */,
			);
			sourceTree = "<group>";
		};
		FF8BC1802B10ABE0000822D2 /* Products */ = {
			isa = PBXGroup;
			children = (
				FF8BC17F2B10ABE0000822D2 /* NANetwork.framework */,
				FF55F0442B20B5F300E16F6C /* NANetworkTests.xctest */,
			);
			name = Products;
			sourceTree = "<group>";
		};
		FF8BC1812B10ABE0000822D2 /* NANetwork */ = {
			isa = PBXGroup;
			children = (
				FF8BC23D2B14B4AD000822D2 /* Info.plist */,
				FF8BC1D92B10B3B1000822D2 /* NetworkDataSource.swift */,
				FF8BC1822B10ABE0000822D2 /* NANetwork.h */,
				FF8BC1832B10ABE0000822D2 /* NANetwork.docc */,
				FF8BC1912B10AC3F000822D2 /* NANetwork+URLSession.swift */,
				FF8BC23E2B14B60B000822D2 /* NANetwork+Bundle.swift */,
				FFBEAEA92B22288D0014229F /* NetworkContainer.swift */,
				FF8D52D22B4582FC000DA5DF /* GraphQLDataSource.swift */,
			);
			path = NANetwork;
			sourceTree = "<group>";
		};
		FF8BC1DB2B10B3DB000822D2 /* Frameworks */ = {
			isa = PBXGroup;
			children = (
				FF8BC1DC2B10B3DB000822D2 /* NAModels.framework */,
			);
			name = Frameworks;
			sourceTree = "<group>";
		};
		FF8D52B82B457C1C000DA5DF /* GraphQL */ = {
			isa = PBXGroup;
			children = (
				FF8D52BB2B4580EC000DA5DF /* GetCountry.graphql */,
				FF8D52B92B457D00000DA5DF /* countries.graphqls */,
			);
			path = GraphQL;
			sourceTree = "<group>";
		};
		FF8D52BD2B4581F4000DA5DF /* NewsAppGraphQL */ = {
			isa = PBXGroup;
			children = (
				FF8D52BE2B4581F4000DA5DF /* NewsAppGraphQL.graphql.swift */,
				FF8D52BF2B4581F4000DA5DF /* Operations */,
				FF8D52C22B4581F4000DA5DF /* Schema */,
			);
			path = NewsAppGraphQL;
			sourceTree = "<group>";
		};
		FF8D52BF2B4581F4000DA5DF /* Operations */ = {
			isa = PBXGroup;
			children = (
				FF8D52C02B4581F4000DA5DF /* Queries */,
			);
			path = Operations;
			sourceTree = "<group>";
		};
		FF8D52C02B4581F4000DA5DF /* Queries */ = {
			isa = PBXGroup;
			children = (
				FF8D52C12B4581F4000DA5DF /* GetCountryQuery.graphql.swift */,
			);
			path = Queries;
			sourceTree = "<group>";
		};
		FF8D52C22B4581F4000DA5DF /* Schema */ = {
			isa = PBXGroup;
			children = (
				FF8D52C32B4581F4000DA5DF /* Objects */,
				FF8D52C82B4581F4000DA5DF /* SchemaConfiguration.swift */,
				FF8D52C92B4581F4000DA5DF /* SchemaMetadata.graphql.swift */,
			);
			path = Schema;
			sourceTree = "<group>";
		};
		FF8D52C32B4581F4000DA5DF /* Objects */ = {
			isa = PBXGroup;
			children = (
				FF8D52C42B4581F4000DA5DF /* State.graphql.swift */,
				FF8D52C52B4581F4000DA5DF /* Query.graphql.swift */,
				FF8D52C62B4581F4000DA5DF /* Country.graphql.swift */,
				FF8D52C72B4581F4000DA5DF /* Continent.graphql.swift */,
			);
			path = Objects;
			sourceTree = "<group>";
		};
/* End PBXGroup section */

/* Begin PBXHeadersBuildPhase section */
		FF8BC17A2B10ABE0000822D2 /* Headers */ = {
			isa = PBXHeadersBuildPhase;
			buildActionMask = 2147483647;
			files = (
				FF8BC1852B10ABE0000822D2 /* NANetwork.h in Headers */,
			);
			runOnlyForDeploymentPostprocessing = 0;
		};
/* End PBXHeadersBuildPhase section */

/* Begin PBXNativeTarget section */
		FF55F0432B20B5F300E16F6C /* NANetworkTests */ = {
			isa = PBXNativeTarget;
			buildConfigurationList = FF55F04D2B20B5F300E16F6C /* Build configuration list for PBXNativeTarget "NANetworkTests" */;
			buildPhases = (
				FF55F0402B20B5F300E16F6C /* Sources */,
				FF55F0412B20B5F300E16F6C /* Frameworks */,
				FF55F0422B20B5F300E16F6C /* Resources */,
			);
			buildRules = (
			);
			dependencies = (
				FF55F04A2B20B5F300E16F6C /* PBXTargetDependency */,
			);
			name = NANetworkTests;
			productName = NANetworkTests;
			productReference = FF55F0442B20B5F300E16F6C /* NANetworkTests.xctest */;
			productType = "com.apple.product-type.bundle.unit-test";
		};
		FF8BC17E2B10ABE0000822D2 /* NANetwork */ = {
			isa = PBXNativeTarget;
			buildConfigurationList = FF8BC1882B10ABE0000822D2 /* Build configuration list for PBXNativeTarget "NANetwork" */;
			buildPhases = (
				FF8BC17A2B10ABE0000822D2 /* Headers */,
				FF8BC17B2B10ABE0000822D2 /* Sources */,
				FF8BC17C2B10ABE0000822D2 /* Frameworks */,
				FF8BC17D2B10ABE0000822D2 /* Resources */,
				FF8BC1DF2B10B3DB000822D2 /* Embed Frameworks */,
			);
			buildRules = (
			);
			dependencies = (
			);
			name = NANetwork;
			packageProductDependencies = (
				FFBEAEAC2B22289E0014229F /* Swinject */,
				FF8D52B62B457BB7000DA5DF /* Apollo */,
			);
			productName = NANetwork;
			productReference = FF8BC17F2B10ABE0000822D2 /* NANetwork.framework */;
			productType = "com.apple.product-type.framework";
		};
/* End PBXNativeTarget section */

/* Begin PBXProject section */
		FF8BC1762B10ABE0000822D2 /* Project object */ = {
			isa = PBXProject;
			attributes = {
				BuildIndependentTargetsInParallel = 1;
				LastSwiftUpdateCheck = 1500;
				LastUpgradeCheck = 1500;
				TargetAttributes = {
					FF55F0432B20B5F300E16F6C = {
						CreatedOnToolsVersion = 15.0.1;
					};
					FF8BC17E2B10ABE0000822D2 = {
						CreatedOnToolsVersion = 15.0.1;
					};
				};
			};
			buildConfigurationList = FF8BC1792B10ABE0000822D2 /* Build configuration list for PBXProject "NANetwork" */;
			compatibilityVersion = "Xcode 14.0";
			developmentRegion = en;
			hasScannedForEncodings = 0;
			knownRegions = (
				en,
				Base,
			);
			mainGroup = FF8BC1752B10ABE0000822D2;
			packageReferences = (
				FFBEAEAB2B22289E0014229F /* XCRemoteSwiftPackageReference "Swinject" */,
				FF8D52B52B457BB7000DA5DF /* XCRemoteSwiftPackageReference "apollo-ios" */,
			);
			productRefGroup = FF8BC1802B10ABE0000822D2 /* Products */;
			projectDirPath = "";
			projectRoot = "";
			targets = (
				FF8BC17E2B10ABE0000822D2 /* NANetwork */,
				FF55F0432B20B5F300E16F6C /* NANetworkTests */,
			);
		};
/* End PBXProject section */

/* Begin PBXResourcesBuildPhase section */
		FF55F0422B20B5F300E16F6C /* Resources */ = {
			isa = PBXResourcesBuildPhase;
			buildActionMask = 2147483647;
			files = (
			);
			runOnlyForDeploymentPostprocessing = 0;
		};
		FF8BC17D2B10ABE0000822D2 /* Resources */ = {
			isa = PBXResourcesBuildPhase;
			buildActionMask = 2147483647;
			files = (
				FF8D52BA2B457D00000DA5DF /* countries.graphqls in Resources */,
				FF8D52BC2B4580EC000DA5DF /* GetCountry.graphql in Resources */,
			);
			runOnlyForDeploymentPostprocessing = 0;
		};
/* End PBXResourcesBuildPhase section */

/* Begin PBXSourcesBuildPhase section */
		FF55F0402B20B5F300E16F6C /* Sources */ = {
			isa = PBXSourcesBuildPhase;
			buildActionMask = 2147483647;
			files = (
				FF55F0472B20B5F300E16F6C /* NANetworkTests.swift in Sources */,
				FF55F04F2B20B61700E16F6C /* NetworkDataSourceTests.swift in Sources */,
			);
			runOnlyForDeploymentPostprocessing = 0;
		};
		FF8BC17B2B10ABE0000822D2 /* Sources */ = {
			isa = PBXSourcesBuildPhase;
			buildActionMask = 2147483647;
			files = (
				FF8BC1922B10AC3F000822D2 /* NANetwork+URLSession.swift in Sources */,
				FF8BC1DA2B10B3B1000822D2 /* NetworkDataSource.swift in Sources */,
				FF8D52D12B4581F4000DA5DF /* SchemaMetadata.graphql.swift in Sources */,
				FF8D52CE2B4581F4000DA5DF /* Country.graphql.swift in Sources */,
				FF8BC1842B10ABE0000822D2 /* NANetwork.docc in Sources */,
				FFBEAEB32B222B1F0014229F /* NetworkDataSourceMock.swift in Sources */,
				FF8D52CC2B4581F4000DA5DF /* State.graphql.swift in Sources */,
				FF8D52CA2B4581F4000DA5DF /* NewsAppGraphQL.graphql.swift in Sources */,
				FF8D52D02B4581F4000DA5DF /* SchemaConfiguration.swift in Sources */,
				FF8D52D32B4582FC000DA5DF /* GraphQLDataSource.swift in Sources */,
				FFBEAEAA2B22288D0014229F /* NetworkContainer.swift in Sources */,
				FF8D52CD2B4581F4000DA5DF /* Query.graphql.swift in Sources */,
				FF8D52CF2B4581F4000DA5DF /* Continent.graphql.swift in Sources */,
				FF8BC23F2B14B60B000822D2 /* NANetwork+Bundle.swift in Sources */,
				FF8D52CB2B4581F4000DA5DF /* GetCountryQuery.graphql.swift in Sources */,
			);
			runOnlyForDeploymentPostprocessing = 0;
		};
/* End PBXSourcesBuildPhase section */

/* Begin PBXTargetDependency section */
		FF55F04A2B20B5F300E16F6C /* PBXTargetDependency */ = {
			isa = PBXTargetDependency;
			target = FF8BC17E2B10ABE0000822D2 /* NANetwork */;
			targetProxy = FF55F0492B20B5F300E16F6C /* PBXContainerItemProxy */;
		};
/* End PBXTargetDependency section */

/* Begin XCBuildConfiguration section */
		FF55F04B2B20B5F300E16F6C /* Debug */ = {
			isa = XCBuildConfiguration;
			buildSettings = {
				CODE_SIGN_STYLE = Automatic;
				CURRENT_PROJECT_VERSION = 1;
				DEVELOPMENT_TEAM = LM25D373KF;
				GENERATE_INFOPLIST_FILE = YES;
				MARKETING_VERSION = 1.0;
				PRODUCT_BUNDLE_IDENTIFIER = com.rbrauwers.NANetworkTests;
				PRODUCT_NAME = "$(TARGET_NAME)";
				SWIFT_EMIT_LOC_STRINGS = NO;
				SWIFT_VERSION = 5.0;
				TARGETED_DEVICE_FAMILY = "1,2";
			};
			name = Debug;
		};
		FF55F04C2B20B5F300E16F6C /* Release */ = {
			isa = XCBuildConfiguration;
			buildSettings = {
				CODE_SIGN_STYLE = Automatic;
				CURRENT_PROJECT_VERSION = 1;
				DEVELOPMENT_TEAM = LM25D373KF;
				GENERATE_INFOPLIST_FILE = YES;
				MARKETING_VERSION = 1.0;
				PRODUCT_BUNDLE_IDENTIFIER = com.rbrauwers.NANetworkTests;
				PRODUCT_NAME = "$(TARGET_NAME)";
				SWIFT_EMIT_LOC_STRINGS = NO;
				SWIFT_VERSION = 5.0;
				TARGETED_DEVICE_FAMILY = "1,2";
			};
			name = Release;
		};
		FF8BC1862B10ABE0000822D2 /* Debug */ = {
			isa = XCBuildConfiguration;
			buildSettings = {
				ALWAYS_SEARCH_USER_PATHS = NO;
				ASSETCATALOG_COMPILER_GENERATE_SWIFT_ASSET_SYMBOL_EXTENSIONS = YES;
				CLANG_ANALYZER_NONNULL = YES;
				CLANG_ANALYZER_NUMBER_OBJECT_CONVERSION = YES_AGGRESSIVE;
				CLANG_CXX_LANGUAGE_STANDARD = "gnu++20";
				CLANG_ENABLE_MODULES = YES;
				CLANG_ENABLE_OBJC_ARC = YES;
				CLANG_ENABLE_OBJC_WEAK = YES;
				CLANG_WARN_BLOCK_CAPTURE_AUTORELEASING = YES;
				CLANG_WARN_BOOL_CONVERSION = YES;
				CLANG_WARN_COMMA = YES;
				CLANG_WARN_CONSTANT_CONVERSION = YES;
				CLANG_WARN_DEPRECATED_OBJC_IMPLEMENTATIONS = YES;
				CLANG_WARN_DIRECT_OBJC_ISA_USAGE = YES_ERROR;
				CLANG_WARN_DOCUMENTATION_COMMENTS = YES;
				CLANG_WARN_EMPTY_BODY = YES;
				CLANG_WARN_ENUM_CONVERSION = YES;
				CLANG_WARN_INFINITE_RECURSION = YES;
				CLANG_WARN_INT_CONVERSION = YES;
				CLANG_WARN_NON_LITERAL_NULL_CONVERSION = YES;
				CLANG_WARN_OBJC_IMPLICIT_RETAIN_SELF = YES;
				CLANG_WARN_OBJC_LITERAL_CONVERSION = YES;
				CLANG_WARN_OBJC_ROOT_CLASS = YES_ERROR;
				CLANG_WARN_QUOTED_INCLUDE_IN_FRAMEWORK_HEADER = YES;
				CLANG_WARN_RANGE_LOOP_ANALYSIS = YES;
				CLANG_WARN_STRICT_PROTOTYPES = YES;
				CLANG_WARN_SUSPICIOUS_MOVE = YES;
				CLANG_WARN_UNGUARDED_AVAILABILITY = YES_AGGRESSIVE;
				CLANG_WARN_UNREACHABLE_CODE = YES;
				CLANG_WARN__DUPLICATE_METHOD_MATCH = YES;
				COPY_PHASE_STRIP = NO;
				CURRENT_PROJECT_VERSION = 1;
				DEBUG_INFORMATION_FORMAT = dwarf;
				ENABLE_STRICT_OBJC_MSGSEND = YES;
				ENABLE_TESTABILITY = YES;
				ENABLE_USER_SCRIPT_SANDBOXING = YES;
				GCC_C_LANGUAGE_STANDARD = gnu17;
				GCC_DYNAMIC_NO_PIC = NO;
				GCC_NO_COMMON_BLOCKS = YES;
				GCC_OPTIMIZATION_LEVEL = 0;
				GCC_PREPROCESSOR_DEFINITIONS = (
					"DEBUG=1",
					"$(inherited)",
				);
				GCC_WARN_64_TO_32_BIT_CONVERSION = YES;
				GCC_WARN_ABOUT_RETURN_TYPE = YES_ERROR;
				GCC_WARN_UNDECLARED_SELECTOR = YES;
				GCC_WARN_UNINITIALIZED_AUTOS = YES_AGGRESSIVE;
				GCC_WARN_UNUSED_FUNCTION = YES;
				GCC_WARN_UNUSED_VARIABLE = YES;
				IPHONEOS_DEPLOYMENT_TARGET = 17.0;
				LOCALIZATION_PREFERS_STRING_CATALOGS = YES;
				MTL_ENABLE_DEBUG_INFO = INCLUDE_SOURCE;
				MTL_FAST_MATH = YES;
				ONLY_ACTIVE_ARCH = YES;
				SDKROOT = iphoneos;
				SWIFT_ACTIVE_COMPILATION_CONDITIONS = "DEBUG $(inherited)";
				SWIFT_OPTIMIZATION_LEVEL = "-Onone";
				VERSIONING_SYSTEM = "apple-generic";
				VERSION_INFO_PREFIX = "";
			};
			name = Debug;
		};
		FF8BC1872B10ABE0000822D2 /* Release */ = {
			isa = XCBuildConfiguration;
			buildSettings = {
				ALWAYS_SEARCH_USER_PATHS = NO;
				ASSETCATALOG_COMPILER_GENERATE_SWIFT_ASSET_SYMBOL_EXTENSIONS = YES;
				CLANG_ANALYZER_NONNULL = YES;
				CLANG_ANALYZER_NUMBER_OBJECT_CONVERSION = YES_AGGRESSIVE;
				CLANG_CXX_LANGUAGE_STANDARD = "gnu++20";
				CLANG_ENABLE_MODULES = YES;
				CLANG_ENABLE_OBJC_ARC = YES;
				CLANG_ENABLE_OBJC_WEAK = YES;
				CLANG_WARN_BLOCK_CAPTURE_AUTORELEASING = YES;
				CLANG_WARN_BOOL_CONVERSION = YES;
				CLANG_WARN_COMMA = YES;
				CLANG_WARN_CONSTANT_CONVERSION = YES;
				CLANG_WARN_DEPRECATED_OBJC_IMPLEMENTATIONS = YES;
				CLANG_WARN_DIRECT_OBJC_ISA_USAGE = YES_ERROR;
				CLANG_WARN_DOCUMENTATION_COMMENTS = YES;
				CLANG_WARN_EMPTY_BODY = YES;
				CLANG_WARN_ENUM_CONVERSION = YES;
				CLANG_WARN_INFINITE_RECURSION = YES;
				CLANG_WARN_INT_CONVERSION = YES;
				CLANG_WARN_NON_LITERAL_NULL_CONVERSION = YES;
				CLANG_WARN_OBJC_IMPLICIT_RETAIN_SELF = YES;
				CLANG_WARN_OBJC_LITERAL_CONVERSION = YES;
				CLANG_WARN_OBJC_ROOT_CLASS = YES_ERROR;
				CLANG_WARN_QUOTED_INCLUDE_IN_FRAMEWORK_HEADER = YES;
				CLANG_WARN_RANGE_LOOP_ANALYSIS = YES;
				CLANG_WARN_STRICT_PROTOTYPES = YES;
				CLANG_WARN_SUSPICIOUS_MOVE = YES;
				CLANG_WARN_UNGUARDED_AVAILABILITY = YES_AGGRESSIVE;
				CLANG_WARN_UNREACHABLE_CODE = YES;
				CLANG_WARN__DUPLICATE_METHOD_MATCH = YES;
				COPY_PHASE_STRIP = NO;
				CURRENT_PROJECT_VERSION = 1;
				DEBUG_INFORMATION_FORMAT = "dwarf-with-dsym";
				ENABLE_NS_ASSERTIONS = NO;
				ENABLE_STRICT_OBJC_MSGSEND = YES;
				ENABLE_USER_SCRIPT_SANDBOXING = YES;
				GCC_C_LANGUAGE_STANDARD = gnu17;
				GCC_NO_COMMON_BLOCKS = YES;
				GCC_WARN_64_TO_32_BIT_CONVERSION = YES;
				GCC_WARN_ABOUT_RETURN_TYPE = YES_ERROR;
				GCC_WARN_UNDECLARED_SELECTOR = YES;
				GCC_WARN_UNINITIALIZED_AUTOS = YES_AGGRESSIVE;
				GCC_WARN_UNUSED_FUNCTION = YES;
				GCC_WARN_UNUSED_VARIABLE = YES;
				IPHONEOS_DEPLOYMENT_TARGET = 17.0;
				LOCALIZATION_PREFERS_STRING_CATALOGS = YES;
				MTL_ENABLE_DEBUG_INFO = NO;
				MTL_FAST_MATH = YES;
				SDKROOT = iphoneos;
				SWIFT_COMPILATION_MODE = wholemodule;
				VALIDATE_PRODUCT = YES;
				VERSIONING_SYSTEM = "apple-generic";
				VERSION_INFO_PREFIX = "";
			};
			name = Release;
		};
		FF8BC1892B10ABE0000822D2 /* Debug */ = {
			isa = XCBuildConfiguration;
			buildSettings = {
				CODE_SIGN_STYLE = Automatic;
				CURRENT_PROJECT_VERSION = 1;
				DEFINES_MODULE = YES;
				DEVELOPMENT_TEAM = LM25D373KF;
				DYLIB_COMPATIBILITY_VERSION = 1;
				DYLIB_CURRENT_VERSION = 1;
				DYLIB_INSTALL_NAME_BASE = "@rpath";
				ENABLE_MODULE_VERIFIER = YES;
				GENERATE_INFOPLIST_FILE = YES;
				INFOPLIST_FILE = NANetwork/Info.plist;
				INFOPLIST_KEY_NSHumanReadableCopyright = "";
				INSTALL_PATH = "$(LOCAL_LIBRARY_DIR)/Frameworks";
				IPHONEOS_DEPLOYMENT_TARGET = 14.0;
				LD_RUNPATH_SEARCH_PATHS = (
					"$(inherited)",
					"@executable_path/Frameworks",
					"@loader_path/Frameworks",
				);
				MARKETING_VERSION = 1.0;
				MODULE_VERIFIER_SUPPORTED_LANGUAGES = "objective-c objective-c++";
				MODULE_VERIFIER_SUPPORTED_LANGUAGE_STANDARDS = "gnu17 gnu++20";
				PRODUCT_BUNDLE_IDENTIFIER = com.rbrauwers.NANetwork;
				PRODUCT_NAME = "$(TARGET_NAME:c99extidentifier)";
				SKIP_INSTALL = YES;
				SWIFT_EMIT_LOC_STRINGS = YES;
				SWIFT_VERSION = 5.0;
				TARGETED_DEVICE_FAMILY = "1,2";
			};
			name = Debug;
		};
		FF8BC18A2B10ABE0000822D2 /* Release */ = {
			isa = XCBuildConfiguration;
			buildSettings = {
				CODE_SIGN_STYLE = Automatic;
				CURRENT_PROJECT_VERSION = 1;
				DEFINES_MODULE = YES;
				DEVELOPMENT_TEAM = LM25D373KF;
				DYLIB_COMPATIBILITY_VERSION = 1;
				DYLIB_CURRENT_VERSION = 1;
				DYLIB_INSTALL_NAME_BASE = "@rpath";
				ENABLE_MODULE_VERIFIER = YES;
				GENERATE_INFOPLIST_FILE = YES;
				INFOPLIST_FILE = NANetwork/Info.plist;
				INFOPLIST_KEY_NSHumanReadableCopyright = "";
				INSTALL_PATH = "$(LOCAL_LIBRARY_DIR)/Frameworks";
				IPHONEOS_DEPLOYMENT_TARGET = 14.0;
				LD_RUNPATH_SEARCH_PATHS = (
					"$(inherited)",
					"@executable_path/Frameworks",
					"@loader_path/Frameworks",
				);
				MARKETING_VERSION = 1.0;
				MODULE_VERIFIER_SUPPORTED_LANGUAGES = "objective-c objective-c++";
				MODULE_VERIFIER_SUPPORTED_LANGUAGE_STANDARDS = "gnu17 gnu++20";
				PRODUCT_BUNDLE_IDENTIFIER = com.rbrauwers.NANetwork;
				PRODUCT_NAME = "$(TARGET_NAME:c99extidentifier)";
				SKIP_INSTALL = YES;
				SWIFT_EMIT_LOC_STRINGS = YES;
				SWIFT_VERSION = 5.0;
				TARGETED_DEVICE_FAMILY = "1,2";
			};
			name = Release;
		};
/* End XCBuildConfiguration section */

/* Begin XCConfigurationList section */
		FF55F04D2B20B5F300E16F6C /* Build configuration list for PBXNativeTarget "NANetworkTests" */ = {
			isa = XCConfigurationList;
			buildConfigurations = (
				FF55F04B2B20B5F300E16F6C /* Debug */,
				FF55F04C2B20B5F300E16F6C /* Release */,
			);
			defaultConfigurationIsVisible = 0;
			defaultConfigurationName = Release;
		};
		FF8BC1792B10ABE0000822D2 /* Build configuration list for PBXProject "NANetwork" */ = {
			isa = XCConfigurationList;
			buildConfigurations = (
				FF8BC1862B10ABE0000822D2 /* Debug */,
				FF8BC1872B10ABE0000822D2 /* Release */,
			);
			defaultConfigurationIsVisible = 0;
			defaultConfigurationName = Release;
		};
		FF8BC1882B10ABE0000822D2 /* Build configuration list for PBXNativeTarget "NANetwork" */ = {
			isa = XCConfigurationList;
			buildConfigurations = (
				FF8BC1892B10ABE0000822D2 /* Debug */,
				FF8BC18A2B10ABE0000822D2 /* Release */,
			);
			defaultConfigurationIsVisible = 0;
			defaultConfigurationName = Release;
		};
/* End XCConfigurationList section */

/* Begin XCRemoteSwiftPackageReference section */
		FF8D52B52B457BB7000DA5DF /* XCRemoteSwiftPackageReference "apollo-ios" */ = {
			isa = XCRemoteSwiftPackageReference;
			repositoryURL = "https://github.com/apollographql/apollo-ios.git";
			requirement = {
				kind = upToNextMajorVersion;
				minimumVersion = 1.7.1;
			};
		};
		FFBEAEAB2B22289E0014229F /* XCRemoteSwiftPackageReference "Swinject" */ = {
			isa = XCRemoteSwiftPackageReference;
			repositoryURL = "https://github.com/Swinject/Swinject.git";
			requirement = {
				kind = upToNextMajorVersion;
				minimumVersion = 2.8.4;
			};
		};
/* End XCRemoteSwiftPackageReference section */

/* Begin XCSwiftPackageProductDependency section */
		FF8D52B62B457BB7000DA5DF /* Apollo */ = {
			isa = XCSwiftPackageProductDependency;
			package = FF8D52B52B457BB7000DA5DF /* XCRemoteSwiftPackageReference "apollo-ios" */;
			productName = Apollo;
		};
		FFBEAEAC2B22289E0014229F /* Swinject */ = {
			isa = XCSwiftPackageProductDependency;
			package = FFBEAEAB2B22289E0014229F /* XCRemoteSwiftPackageReference "Swinject" */;
			productName = Swinject;
		};
/* End XCSwiftPackageProductDependency section */
	};
	rootObject = FF8BC1762B10ABE0000822D2 /* Project object */;
}
