// !$*UTF8*$!
{
	archiveVersion = 1;
	classes = {
	};
	objectVersion = 56;
	objects = {

/* Begin PBXBuildFile section */
		FF2537772B21D15F00A3A2C8 /* TestUtils.framework in Frameworks */ = {isa = PBXBuildFile; fileRef = FF2537762B21D15F00A3A2C8 /* TestUtils.framework */; };
		FF2537782B21D15F00A3A2C8 /* TestUtils.framework in Embed Frameworks */ = {isa = PBXBuildFile; fileRef = FF2537762B21D15F00A3A2C8 /* TestUtils.framework */; settings = {ATTRIBUTES = (CodeSignOnCopy, RemoveHeadersOnCopy, ); }; };
		FF55F0572B20BAD100E16F6C /* NADataTests.swift in Sources */ = {isa = PBXBuildFile; fileRef = FF55F0562B20BAD100E16F6C /* NADataTests.swift */; };
		FF55F0582B20BAD100E16F6C /* NAData.framework in Frameworks */ = {isa = PBXBuildFile; fileRef = FF8BC1EA2B10B91B000822D2 /* NAData.framework */; };
		FF55F05F2B20BAF800E16F6C /* ArticlesRepositoryTests.swift in Sources */ = {isa = PBXBuildFile; fileRef = FF55F05E2B20BAF800E16F6C /* ArticlesRepositoryTests.swift */; };
		FF8BC1EF2B10B91B000822D2 /* NAData.docc in Sources */ = {isa = PBXBuildFile; fileRef = FF8BC1EE2B10B91B000822D2 /* NAData.docc */; };
		FF8BC1F02B10B91B000822D2 /* NAData.h in Headers */ = {isa = PBXBuildFile; fileRef = FF8BC1ED2B10B91B000822D2 /* NAData.h */; settings = {ATTRIBUTES = (Public, ); }; };
		FF8BC1FE2B10B936000822D2 /* NAModels.framework in Frameworks */ = {isa = PBXBuildFile; fileRef = FF8BC1FD2B10B936000822D2 /* NAModels.framework */; };
		FF8BC1FF2B10B936000822D2 /* NAModels.framework in Embed Frameworks */ = {isa = PBXBuildFile; fileRef = FF8BC1FD2B10B936000822D2 /* NAModels.framework */; settings = {ATTRIBUTES = (CodeSignOnCopy, RemoveHeadersOnCopy, ); }; };
		FF8BC2022B10B93C000822D2 /* NANetwork.framework in Frameworks */ = {isa = PBXBuildFile; fileRef = FF8BC2012B10B93C000822D2 /* NANetwork.framework */; };
		FF8BC2032B10B93C000822D2 /* NANetwork.framework in Embed Frameworks */ = {isa = PBXBuildFile; fileRef = FF8BC2012B10B93C000822D2 /* NANetwork.framework */; settings = {ATTRIBUTES = (CodeSignOnCopy, RemoveHeadersOnCopy, ); }; };
		FF8BC2052B10B949000822D2 /* SourcesRepository.swift in Sources */ = {isa = PBXBuildFile; fileRef = FF8BC2042B10B949000822D2 /* SourcesRepository.swift */; };
		FF8BC2312B10EB09000822D2 /* ArticlesRepository.swift in Sources */ = {isa = PBXBuildFile; fileRef = FF8BC2302B10EB09000822D2 /* ArticlesRepository.swift */; };
		FFBEAEA42B22156F0014229F /* Swinject in Frameworks */ = {isa = PBXBuildFile; productRef = FFBEAEA32B22156F0014229F /* Swinject */; };
		FFBEAEA62B22156F0014229F /* Swinject-Dynamic in Frameworks */ = {isa = PBXBuildFile; productRef = FFBEAEA52B22156F0014229F /* Swinject-Dynamic */; };
		FFBEAEA82B2227FE0014229F /* GlobalContainer.swift in Sources */ = {isa = PBXBuildFile; fileRef = FFBEAEA72B2227FE0014229F /* GlobalContainer.swift */; };
		FFBEAEB12B2229EE0014229F /* DataContainer.swift in Sources */ = {isa = PBXBuildFile; fileRef = FFBEAEB02B2229EE0014229F /* DataContainer.swift */; };
/* End PBXBuildFile section */

/* Begin PBXContainerItemProxy section */
		FF55F0592B20BAD100E16F6C /* PBXContainerItemProxy */ = {
			isa = PBXContainerItemProxy;
			containerPortal = FF8BC1E12B10B91B000822D2 /* Project object */;
			proxyType = 1;
			remoteGlobalIDString = FF8BC1E92B10B91B000822D2;
			remoteInfo = NAData;
		};
/* End PBXContainerItemProxy section */

/* Begin PBXCopyFilesBuildPhase section */
		FF2537792B21D15F00A3A2C8 /* Embed Frameworks */ = {
			isa = PBXCopyFilesBuildPhase;
			buildActionMask = 2147483647;
			dstPath = "";
			dstSubfolderSpec = 10;
			files = (
				FF2537782B21D15F00A3A2C8 /* TestUtils.framework in Embed Frameworks */,
			);
			name = "Embed Frameworks";
			runOnlyForDeploymentPostprocessing = 0;
		};
		FF8BC2002B10B936000822D2 /* Embed Frameworks */ = {
			isa = PBXCopyFilesBuildPhase;
			buildActionMask = 2147483647;
			dstPath = "";
			dstSubfolderSpec = 10;
			files = (
				FF8BC2032B10B93C000822D2 /* NANetwork.framework in Embed Frameworks */,
				FF8BC1FF2B10B936000822D2 /* NAModels.framework in Embed Frameworks */,
			);
			name = "Embed Frameworks";
			runOnlyForDeploymentPostprocessing = 0;
		};
/* End PBXCopyFilesBuildPhase section */

/* Begin PBXFileReference section */
		FF25376E2B21D09C00A3A2C8 /* TestUtils.framework */ = {isa = PBXFileReference; explicitFileType = wrapper.framework; path = TestUtils.framework; sourceTree = BUILT_PRODUCTS_DIR; };
		FF2537722B21D13D00A3A2C8 /* TestUtils.framework */ = {isa = PBXFileReference; explicitFileType = wrapper.framework; path = TestUtils.framework; sourceTree = BUILT_PRODUCTS_DIR; };
		FF2537762B21D15F00A3A2C8 /* TestUtils.framework */ = {isa = PBXFileReference; explicitFileType = wrapper.framework; path = TestUtils.framework; sourceTree = BUILT_PRODUCTS_DIR; };
		FF55F0542B20BAD100E16F6C /* NADataTests.xctest */ = {isa = PBXFileReference; explicitFileType = wrapper.cfbundle; includeInIndex = 0; path = NADataTests.xctest; sourceTree = BUILT_PRODUCTS_DIR; };
		FF55F0562B20BAD100E16F6C /* NADataTests.swift */ = {isa = PBXFileReference; lastKnownFileType = sourcecode.swift; path = NADataTests.swift; sourceTree = "<group>"; };
		FF55F05E2B20BAF800E16F6C /* ArticlesRepositoryTests.swift */ = {isa = PBXFileReference; lastKnownFileType = sourcecode.swift; path = ArticlesRepositoryTests.swift; sourceTree = "<group>"; };
		FF8BC1EA2B10B91B000822D2 /* NAData.framework */ = {isa = PBXFileReference; explicitFileType = wrapper.framework; includeInIndex = 0; path = NAData.framework; sourceTree = BUILT_PRODUCTS_DIR; };
		FF8BC1ED2B10B91B000822D2 /* NAData.h */ = {isa = PBXFileReference; lastKnownFileType = sourcecode.c.h; path = NAData.h; sourceTree = "<group>"; };
		FF8BC1EE2B10B91B000822D2 /* NAData.docc */ = {isa = PBXFileReference; lastKnownFileType = folder.documentationcatalog; path = NAData.docc; sourceTree = "<group>"; };
		FF8BC1FD2B10B936000822D2 /* NAModels.framework */ = {isa = PBXFileReference; explicitFileType = wrapper.framework; path = NAModels.framework; sourceTree = BUILT_PRODUCTS_DIR; };
		FF8BC2012B10B93C000822D2 /* NANetwork.framework */ = {isa = PBXFileReference; explicitFileType = wrapper.framework; path = NANetwork.framework; sourceTree = BUILT_PRODUCTS_DIR; };
		FF8BC2042B10B949000822D2 /* SourcesRepository.swift */ = {isa = PBXFileReference; lastKnownFileType = sourcecode.swift; path = SourcesRepository.swift; sourceTree = "<group>"; };
		FF8BC2302B10EB09000822D2 /* ArticlesRepository.swift */ = {isa = PBXFileReference; lastKnownFileType = sourcecode.swift; path = ArticlesRepository.swift; sourceTree = "<group>"; };
		FFBEAEA72B2227FE0014229F /* GlobalContainer.swift */ = {isa = PBXFileReference; lastKnownFileType = sourcecode.swift; path = GlobalContainer.swift; sourceTree = "<group>"; };
		FFBEAEB02B2229EE0014229F /* DataContainer.swift */ = {isa = PBXFileReference; lastKnownFileType = sourcecode.swift; path = DataContainer.swift; sourceTree = "<group>"; };
/* End PBXFileReference section */

/* Begin PBXFrameworksBuildPhase section */
		FF55F0512B20BAD100E16F6C /* Frameworks */ = {
			isa = PBXFrameworksBuildPhase;
			buildActionMask = 2147483647;
			files = (
				FF2537772B21D15F00A3A2C8 /* TestUtils.framework in Frameworks */,
				FF55F0582B20BAD100E16F6C /* NAData.framework in Frameworks */,
			);
			runOnlyForDeploymentPostprocessing = 0;
		};
		FF8BC1E72B10B91B000822D2 /* Frameworks */ = {
			isa = PBXFrameworksBuildPhase;
			buildActionMask = 2147483647;
			files = (
				FF8BC2022B10B93C000822D2 /* NANetwork.framework in Frameworks */,
				FFBEAEA62B22156F0014229F /* Swinject-Dynamic in Frameworks */,
				FF8BC1FE2B10B936000822D2 /* NAModels.framework in Frameworks */,
				FFBEAEA42B22156F0014229F /* Swinject in Frameworks */,
			);
			runOnlyForDeploymentPostprocessing = 0;
		};
/* End PBXFrameworksBuildPhase section */

/* Begin PBXGroup section */
		FF55F0552B20BAD100E16F6C /* NADataTests */ = {
			isa = PBXGroup;
			children = (
				FF55F0562B20BAD100E16F6C /* NADataTests.swift */,
				FF55F05E2B20BAF800E16F6C /* ArticlesRepositoryTests.swift */,
			);
			path = NADataTests;
			sourceTree = "<group>";
		};
		FF8BC1E02B10B91B000822D2 = {
			isa = PBXGroup;
			children = (
				FF8BC1EC2B10B91B000822D2 /* NAData */,
				FF55F0552B20BAD100E16F6C /* NADataTests */,
				FF8BC1EB2B10B91B000822D2 /* Products */,
				FF8BC1FC2B10B936000822D2 /* Frameworks */,
			);
			sourceTree = "<group>";
		};
		FF8BC1EB2B10B91B000822D2 /* Products */ = {
			isa = PBXGroup;
			children = (
				FF8BC1EA2B10B91B000822D2 /* NAData.framework */,
				FF55F0542B20BAD100E16F6C /* NADataTests.xctest */,
			);
			name = Products;
			sourceTree = "<group>";
		};
		FF8BC1EC2B10B91B000822D2 /* NAData */ = {
			isa = PBXGroup;
			children = (
				FF8BC2302B10EB09000822D2 /* ArticlesRepository.swift */,
				FF8BC2042B10B949000822D2 /* SourcesRepository.swift */,
				FF8BC1ED2B10B91B000822D2 /* NAData.h */,
				FF8BC1EE2B10B91B000822D2 /* NAData.docc */,
				FFBEAEA72B2227FE0014229F /* GlobalContainer.swift */,
				FFBEAEB02B2229EE0014229F /* DataContainer.swift */,
			);
			path = NAData;
			sourceTree = "<group>";
		};
		FF8BC1FC2B10B936000822D2 /* Frameworks */ = {
			isa = PBXGroup;
			children = (
				FF2537762B21D15F00A3A2C8 /* TestUtils.framework */,
				FF25376E2B21D09C00A3A2C8 /* TestUtils.framework */,
				FF2537722B21D13D00A3A2C8 /* TestUtils.framework */,
				FF8BC2012B10B93C000822D2 /* NANetwork.framework */,
				FF8BC1FD2B10B936000822D2 /* NAModels.framework */,
			);
			name = Frameworks;
			sourceTree = "<group>";
		};
/* End PBXGroup section */

/* Begin PBXHeadersBuildPhase section */
		FF8BC1E52B10B91B000822D2 /* Headers */ = {
			isa = PBXHeadersBuildPhase;
			buildActionMask = 2147483647;
			files = (
				FF8BC1F02B10B91B000822D2 /* NAData.h in Headers */,
			);
			runOnlyForDeploymentPostprocessing = 0;
		};
/* End PBXHeadersBuildPhase section */

/* Begin PBXNativeTarget section */
		FF55F0532B20BAD100E16F6C /* NADataTests */ = {
			isa = PBXNativeTarget;
			buildConfigurationList = FF55F05D2B20BAD100E16F6C /* Build configuration list for PBXNativeTarget "NADataTests" */;
			buildPhases = (
				FF55F0502B20BAD100E16F6C /* Sources */,
				FF55F0512B20BAD100E16F6C /* Frameworks */,
				FF55F0522B20BAD100E16F6C /* Resources */,
				FF2537792B21D15F00A3A2C8 /* Embed Frameworks */,
			);
			buildRules = (
			);
			dependencies = (
				FF55F05A2B20BAD100E16F6C /* PBXTargetDependency */,
			);
			name = NADataTests;
			productName = NADataTests;
			productReference = FF55F0542B20BAD100E16F6C /* NADataTests.xctest */;
			productType = "com.apple.product-type.bundle.unit-test";
		};
		FF8BC1E92B10B91B000822D2 /* NAData */ = {
			isa = PBXNativeTarget;
			buildConfigurationList = FF8BC1F32B10B91B000822D2 /* Build configuration list for PBXNativeTarget "NAData" */;
			buildPhases = (
				FF8BC1E52B10B91B000822D2 /* Headers */,
				FF8BC1E62B10B91B000822D2 /* Sources */,
				FF8BC1E72B10B91B000822D2 /* Frameworks */,
				FF8BC1E82B10B91B000822D2 /* Resources */,
				FF8BC2002B10B936000822D2 /* Embed Frameworks */,
			);
			buildRules = (
			);
			dependencies = (
			);
			name = NAData;
			packageProductDependencies = (
				FFBEAEA32B22156F0014229F /* Swinject */,
				FFBEAEA52B22156F0014229F /* Swinject-Dynamic */,
			);
			productName = NAData;
			productReference = FF8BC1EA2B10B91B000822D2 /* NAData.framework */;
			productType = "com.apple.product-type.framework";
		};
/* End PBXNativeTarget section */

/* Begin PBXProject section */
		FF8BC1E12B10B91B000822D2 /* Project object */ = {
			isa = PBXProject;
			attributes = {
				BuildIndependentTargetsInParallel = 1;
				LastSwiftUpdateCheck = 1500;
				LastUpgradeCheck = 1500;
				TargetAttributes = {
					FF55F0532B20BAD100E16F6C = {
						CreatedOnToolsVersion = 15.0.1;
					};
					FF8BC1E92B10B91B000822D2 = {
						CreatedOnToolsVersion = 15.0.1;
					};
				};
			};
			buildConfigurationList = FF8BC1E42B10B91B000822D2 /* Build configuration list for PBXProject "NAData" */;
			compatibilityVersion = "Xcode 14.0";
			developmentRegion = en;
			hasScannedForEncodings = 0;
			knownRegions = (
				en,
				Base,
			);
			mainGroup = FF8BC1E02B10B91B000822D2;
			packageReferences = (
				FFBEAEA22B22156F0014229F /* XCRemoteSwiftPackageReference "Swinject" */,
			);
			productRefGroup = FF8BC1EB2B10B91B000822D2 /* Products */;
			projectDirPath = "";
			projectRoot = "";
			targets = (
				FF8BC1E92B10B91B000822D2 /* NAData */,
				FF55F0532B20BAD100E16F6C /* NADataTests */,
			);
		};
/* End PBXProject section */

/* Begin PBXResourcesBuildPhase section */
		FF55F0522B20BAD100E16F6C /* Resources */ = {
			isa = PBXResourcesBuildPhase;
			buildActionMask = 2147483647;
			files = (
			);
			runOnlyForDeploymentPostprocessing = 0;
		};
		FF8BC1E82B10B91B000822D2 /* Resources */ = {
			isa = PBXResourcesBuildPhase;
			buildActionMask = 2147483647;
			files = (
			);
			runOnlyForDeploymentPostprocessing = 0;
		};
/* End PBXResourcesBuildPhase section */

/* Begin PBXSourcesBuildPhase section */
		FF55F0502B20BAD100E16F6C /* Sources */ = {
			isa = PBXSourcesBuildPhase;
			buildActionMask = 2147483647;
			files = (
				FF55F05F2B20BAF800E16F6C /* ArticlesRepositoryTests.swift in Sources */,
				FF55F0572B20BAD100E16F6C /* NADataTests.swift in Sources */,
			);
			runOnlyForDeploymentPostprocessing = 0;
		};
		FF8BC1E62B10B91B000822D2 /* Sources */ = {
			isa = PBXSourcesBuildPhase;
			buildActionMask = 2147483647;
			files = (
				FFBEAEA82B2227FE0014229F /* GlobalContainer.swift in Sources */,
				FFBEAEB12B2229EE0014229F /* DataContainer.swift in Sources */,
				FF8BC2312B10EB09000822D2 /* ArticlesRepository.swift in Sources */,
				FF8BC2052B10B949000822D2 /* SourcesRepository.swift in Sources */,
				FF8BC1EF2B10B91B000822D2 /* NAData.docc in Sources */,
			);
			runOnlyForDeploymentPostprocessing = 0;
		};
/* End PBXSourcesBuildPhase section */

/* Begin PBXTargetDependency section */
		FF55F05A2B20BAD100E16F6C /* PBXTargetDependency */ = {
			isa = PBXTargetDependency;
			target = FF8BC1E92B10B91B000822D2 /* NAData */;
			targetProxy = FF55F0592B20BAD100E16F6C /* PBXContainerItemProxy */;
		};
/* End PBXTargetDependency section */

/* Begin XCBuildConfiguration section */
		FF55F05B2B20BAD100E16F6C /* Debug */ = {
			isa = XCBuildConfiguration;
			buildSettings = {
				CODE_SIGN_STYLE = Automatic;
				CURRENT_PROJECT_VERSION = 1;
				DEVELOPMENT_TEAM = LM25D373KF;
				GENERATE_INFOPLIST_FILE = YES;
				MARKETING_VERSION = 1.0;
				PRODUCT_BUNDLE_IDENTIFIER = com.rbrauwers.NADataTests;
				PRODUCT_NAME = "$(TARGET_NAME)";
				SWIFT_EMIT_LOC_STRINGS = NO;
				SWIFT_VERSION = 5.0;
				TARGETED_DEVICE_FAMILY = "1,2";
			};
			name = Debug;
		};
		FF55F05C2B20BAD100E16F6C /* Release */ = {
			isa = XCBuildConfiguration;
			buildSettings = {
				CODE_SIGN_STYLE = Automatic;
				CURRENT_PROJECT_VERSION = 1;
				DEVELOPMENT_TEAM = LM25D373KF;
				GENERATE_INFOPLIST_FILE = YES;
				MARKETING_VERSION = 1.0;
				PRODUCT_BUNDLE_IDENTIFIER = com.rbrauwers.NADataTests;
				PRODUCT_NAME = "$(TARGET_NAME)";
				SWIFT_EMIT_LOC_STRINGS = NO;
				SWIFT_VERSION = 5.0;
				TARGETED_DEVICE_FAMILY = "1,2";
			};
			name = Release;
		};
		FF8BC1F12B10B91B000822D2 /* Debug */ = {
			isa = XCBuildConfiguration;
			buildSettings = {
				ALWAYS_SEARCH_USER_PATHS = NO;
				ASSETCATALOG_COMPILER_GENERATE_SWIFT_ASSET_SYMBOL_EXTENSIONS = YES;
				CLANG_ANALYZER_NONNULL = YES;
				CLANG_ANALYZER_NUMBER_OBJECT_CONVERSION = YES_AGGRESSIVE;
				CLANG_CXX_LANGUAGE_STANDARD = "gnu++20";
				CLANG_ENABLE_MODULES = YES;
				CLANG_ENABLE_OBJC_ARC = YES;
				CLANG_ENABLE_OBJC_WEAK = YES;
				CLANG_WARN_BLOCK_CAPTURE_AUTORELEASING = YES;
				CLANG_WARN_BOOL_CONVERSION = YES;
				CLANG_WARN_COMMA = YES;
				CLANG_WARN_CONSTANT_CONVERSION = YES;
				CLANG_WARN_DEPRECATED_OBJC_IMPLEMENTATIONS = YES;
				CLANG_WARN_DIRECT_OBJC_ISA_USAGE = YES_ERROR;
				CLANG_WARN_DOCUMENTATION_COMMENTS = YES;
				CLANG_WARN_EMPTY_BODY = YES;
				CLANG_WARN_ENUM_CONVERSION = YES;
				CLANG_WARN_INFINITE_RECURSION = YES;
				CLANG_WARN_INT_CONVERSION = YES;
				CLANG_WARN_NON_LITERAL_NULL_CONVERSION = YES;
				CLANG_WARN_OBJC_IMPLICIT_RETAIN_SELF = YES;
				CLANG_WARN_OBJC_LITERAL_CONVERSION = YES;
				CLANG_WARN_OBJC_ROOT_CLASS = YES_ERROR;
				CLANG_WARN_QUOTED_INCLUDE_IN_FRAMEWORK_HEADER = YES;
				CLANG_WARN_RANGE_LOOP_ANALYSIS = YES;
				CLANG_WARN_STRICT_PROTOTYPES = YES;
				CLANG_WARN_SUSPICIOUS_MOVE = YES;
				CLANG_WARN_UNGUARDED_AVAILABILITY = YES_AGGRESSIVE;
				CLANG_WARN_UNREACHABLE_CODE = YES;
				CLANG_WARN__DUPLICATE_METHOD_MATCH = YES;
				COPY_PHASE_STRIP = NO;
				CURRENT_PROJECT_VERSION = 1;
				DEBUG_INFORMATION_FORMAT = dwarf;
				ENABLE_STRICT_OBJC_MSGSEND = YES;
				ENABLE_TESTABILITY = YES;
				ENABLE_USER_SCRIPT_SANDBOXING = YES;
				GCC_C_LANGUAGE_STANDARD = gnu17;
				GCC_DYNAMIC_NO_PIC = NO;
				GCC_NO_COMMON_BLOCKS = YES;
				GCC_OPTIMIZATION_LEVEL = 0;
				GCC_PREPROCESSOR_DEFINITIONS = (
					"DEBUG=1",
					"$(inherited)",
				);
				GCC_WARN_64_TO_32_BIT_CONVERSION = YES;
				GCC_WARN_ABOUT_RETURN_TYPE = YES_ERROR;
				GCC_WARN_UNDECLARED_SELECTOR = YES;
				GCC_WARN_UNINITIALIZED_AUTOS = YES_AGGRESSIVE;
				GCC_WARN_UNUSED_FUNCTION = YES;
				GCC_WARN_UNUSED_VARIABLE = YES;
				IPHONEOS_DEPLOYMENT_TARGET = 17.0;
				LOCALIZATION_PREFERS_STRING_CATALOGS = YES;
				MTL_ENABLE_DEBUG_INFO = INCLUDE_SOURCE;
				MTL_FAST_MATH = YES;
				ONLY_ACTIVE_ARCH = YES;
				SDKROOT = iphoneos;
				SWIFT_ACTIVE_COMPILATION_CONDITIONS = "DEBUG $(inherited)";
				SWIFT_OPTIMIZATION_LEVEL = "-Onone";
				VERSIONING_SYSTEM = "apple-generic";
				VERSION_INFO_PREFIX = "";
			};
			name = Debug;
		};
		FF8BC1F22B10B91B000822D2 /* Release */ = {
			isa = XCBuildConfiguration;
			buildSettings = {
				ALWAYS_SEARCH_USER_PATHS = NO;
				ASSETCATALOG_COMPILER_GENERATE_SWIFT_ASSET_SYMBOL_EXTENSIONS = YES;
				CLANG_ANALYZER_NONNULL = YES;
				CLANG_ANALYZER_NUMBER_OBJECT_CONVERSION = YES_AGGRESSIVE;
				CLANG_CXX_LANGUAGE_STANDARD = "gnu++20";
				CLANG_ENABLE_MODULES = YES;
				CLANG_ENABLE_OBJC_ARC = YES;
				CLANG_ENABLE_OBJC_WEAK = YES;
				CLANG_WARN_BLOCK_CAPTURE_AUTORELEASING = YES;
				CLANG_WARN_BOOL_CONVERSION = YES;
				CLANG_WARN_COMMA = YES;
				CLANG_WARN_CONSTANT_CONVERSION = YES;
				CLANG_WARN_DEPRECATED_OBJC_IMPLEMENTATIONS = YES;
				CLANG_WARN_DIRECT_OBJC_ISA_USAGE = YES_ERROR;
				CLANG_WARN_DOCUMENTATION_COMMENTS = YES;
				CLANG_WARN_EMPTY_BODY = YES;
				CLANG_WARN_ENUM_CONVERSION = YES;
				CLANG_WARN_INFINITE_RECURSION = YES;
				CLANG_WARN_INT_CONVERSION = YES;
				CLANG_WARN_NON_LITERAL_NULL_CONVERSION = YES;
				CLANG_WARN_OBJC_IMPLICIT_RETAIN_SELF = YES;
				CLANG_WARN_OBJC_LITERAL_CONVERSION = YES;
				CLANG_WARN_OBJC_ROOT_CLASS = YES_ERROR;
				CLANG_WARN_QUOTED_INCLUDE_IN_FRAMEWORK_HEADER = YES;
				CLANG_WARN_RANGE_LOOP_ANALYSIS = YES;
				CLANG_WARN_STRICT_PROTOTYPES = YES;
				CLANG_WARN_SUSPICIOUS_MOVE = YES;
				CLANG_WARN_UNGUARDED_AVAILABILITY = YES_AGGRESSIVE;
				CLANG_WARN_UNREACHABLE_CODE = YES;
				CLANG_WARN__DUPLICATE_METHOD_MATCH = YES;
				COPY_PHASE_STRIP = NO;
				CURRENT_PROJECT_VERSION = 1;
				DEBUG_INFORMATION_FORMAT = "dwarf-with-dsym";
				ENABLE_NS_ASSERTIONS = NO;
				ENABLE_STRICT_OBJC_MSGSEND = YES;
				ENABLE_USER_SCRIPT_SANDBOXING = YES;
				GCC_C_LANGUAGE_STANDARD = gnu17;
				GCC_NO_COMMON_BLOCKS = YES;
				GCC_WARN_64_TO_32_BIT_CONVERSION = YES;
				GCC_WARN_ABOUT_RETURN_TYPE = YES_ERROR;
				GCC_WARN_UNDECLARED_SELECTOR = YES;
				GCC_WARN_UNINITIALIZED_AUTOS = YES_AGGRESSIVE;
				GCC_WARN_UNUSED_FUNCTION = YES;
				GCC_WARN_UNUSED_VARIABLE = YES;
				IPHONEOS_DEPLOYMENT_TARGET = 17.0;
				LOCALIZATION_PREFERS_STRING_CATALOGS = YES;
				MTL_ENABLE_DEBUG_INFO = NO;
				MTL_FAST_MATH = YES;
				SDKROOT = iphoneos;
				SWIFT_COMPILATION_MODE = wholemodule;
				VALIDATE_PRODUCT = YES;
				VERSIONING_SYSTEM = "apple-generic";
				VERSION_INFO_PREFIX = "";
			};
			name = Release;
		};
		FF8BC1F42B10B91B000822D2 /* Debug */ = {
			isa = XCBuildConfiguration;
			buildSettings = {
				CODE_SIGN_STYLE = Automatic;
				CURRENT_PROJECT_VERSION = 1;
				DEFINES_MODULE = YES;
				DEVELOPMENT_TEAM = LM25D373KF;
				DYLIB_COMPATIBILITY_VERSION = 1;
				DYLIB_CURRENT_VERSION = 1;
				DYLIB_INSTALL_NAME_BASE = "@rpath";
				ENABLE_MODULE_VERIFIER = YES;
				GENERATE_INFOPLIST_FILE = YES;
				INFOPLIST_KEY_NSHumanReadableCopyright = "";
				INSTALL_PATH = "$(LOCAL_LIBRARY_DIR)/Frameworks";
				IPHONEOS_DEPLOYMENT_TARGET = 13.6;
				LD_RUNPATH_SEARCH_PATHS = (
					"$(inherited)",
					"@executable_path/Frameworks",
					"@loader_path/Frameworks",
				);
				MARKETING_VERSION = 1.0;
				MODULE_VERIFIER_SUPPORTED_LANGUAGES = "objective-c objective-c++";
				MODULE_VERIFIER_SUPPORTED_LANGUAGE_STANDARDS = "gnu17 gnu++20";
				PRODUCT_BUNDLE_IDENTIFIER = com.rbrauwers.NAData;
				PRODUCT_NAME = "$(TARGET_NAME:c99extidentifier)";
				SKIP_INSTALL = YES;
				SWIFT_EMIT_LOC_STRINGS = YES;
				SWIFT_VERSION = 5.0;
				TARGETED_DEVICE_FAMILY = "1,2";
			};
			name = Debug;
		};
		FF8BC1F52B10B91B000822D2 /* Release */ = {
			isa = XCBuildConfiguration;
			buildSettings = {
				CODE_SIGN_STYLE = Automatic;
				CURRENT_PROJECT_VERSION = 1;
				DEFINES_MODULE = YES;
				DEVELOPMENT_TEAM = LM25D373KF;
				DYLIB_COMPATIBILITY_VERSION = 1;
				DYLIB_CURRENT_VERSION = 1;
				DYLIB_INSTALL_NAME_BASE = "@rpath";
				ENABLE_MODULE_VERIFIER = YES;
				GENERATE_INFOPLIST_FILE = YES;
				INFOPLIST_KEY_NSHumanReadableCopyright = "";
				INSTALL_PATH = "$(LOCAL_LIBRARY_DIR)/Frameworks";
				IPHONEOS_DEPLOYMENT_TARGET = 13.6;
				LD_RUNPATH_SEARCH_PATHS = (
					"$(inherited)",
					"@executable_path/Frameworks",
					"@loader_path/Frameworks",
				);
				MARKETING_VERSION = 1.0;
				MODULE_VERIFIER_SUPPORTED_LANGUAGES = "objective-c objective-c++";
				MODULE_VERIFIER_SUPPORTED_LANGUAGE_STANDARDS = "gnu17 gnu++20";
				PRODUCT_BUNDLE_IDENTIFIER = com.rbrauwers.NAData;
				PRODUCT_NAME = "$(TARGET_NAME:c99extidentifier)";
				SKIP_INSTALL = YES;
				SWIFT_EMIT_LOC_STRINGS = YES;
				SWIFT_VERSION = 5.0;
				TARGETED_DEVICE_FAMILY = "1,2";
			};
			name = Release;
		};
/* End XCBuildConfiguration section */

/* Begin XCConfigurationList section */
		FF55F05D2B20BAD100E16F6C /* Build configuration list for PBXNativeTarget "NADataTests" */ = {
			isa = XCConfigurationList;
			buildConfigurations = (
				FF55F05B2B20BAD100E16F6C /* Debug */,
				FF55F05C2B20BAD100E16F6C /* Release */,
			);
			defaultConfigurationIsVisible = 0;
			defaultConfigurationName = Release;
		};
		FF8BC1E42B10B91B000822D2 /* Build configuration list for PBXProject "NAData" */ = {
			isa = XCConfigurationList;
			buildConfigurations = (
				FF8BC1F12B10B91B000822D2 /* Debug */,
				FF8BC1F22B10B91B000822D2 /* Release */,
			);
			defaultConfigurationIsVisible = 0;
			defaultConfigurationName = Release;
		};
		FF8BC1F32B10B91B000822D2 /* Build configuration list for PBXNativeTarget "NAData" */ = {
			isa = XCConfigurationList;
			buildConfigurations = (
				FF8BC1F42B10B91B000822D2 /* Debug */,
				FF8BC1F52B10B91B000822D2 /* Release */,
			);
			defaultConfigurationIsVisible = 0;
			defaultConfigurationName = Release;
		};
/* End XCConfigurationList section */

/* Begin XCRemoteSwiftPackageReference section */
		FFBEAEA22B22156F0014229F /* XCRemoteSwiftPackageReference "Swinject" */ = {
			isa = XCRemoteSwiftPackageReference;
			repositoryURL = "https://github.com/Swinject/Swinject.git";
			requirement = {
				kind = upToNextMajorVersion;
				minimumVersion = 2.8.4;
			};
		};
/* End XCRemoteSwiftPackageReference section */

/* Begin XCSwiftPackageProductDependency section */
		FFBEAEA32B22156F0014229F /* Swinject */ = {
			isa = XCSwiftPackageProductDependency;
			package = FFBEAEA22B22156F0014229F /* XCRemoteSwiftPackageReference "Swinject" */;
			productName = Swinject;
		};
		FFBEAEA52B22156F0014229F /* Swinject-Dynamic */ = {
			isa = XCSwiftPackageProductDependency;
			package = FFBEAEA22B22156F0014229F /* XCRemoteSwiftPackageReference "Swinject" */;
			productName = "Swinject-Dynamic";
		};
/* End XCSwiftPackageProductDependency section */
	};
	rootObject = FF8BC1E12B10B91B000822D2 /* Project object */;
}
