// !$*UTF8*$!
{
	archiveVersion = 1;
	classes = {
	};
	objectVersion = 56;
	objects = {

/* Begin PBXBuildFile section */
		FF8BC1A82B10ADFD000822D2 /* NASources.docc in Sources */ = {isa = PBXBuildFile; fileRef = FF8BC1A72B10ADFD000822D2 /* NASources.docc */; };
		FF8BC1A92B10ADFD000822D2 /* NASources.h in Headers */ = {isa = PBXBuildFile; fileRef = FF8BC1A62B10ADFD000822D2 /* NASources.h */; settings = {ATTRIBUTES = (Public, ); }; };
		FF8BC1B62B10AE25000822D2 /* SourcesView.swift in Sources */ = {isa = PBXBuildFile; fileRef = FF8BC1B52B10AE25000822D2 /* SourcesView.swift */; };
		FF8BC2082B10BCBB000822D2 /* NAModels.framework in Frameworks */ = {isa = PBXBuildFile; fileRef = FF8BC2072B10BCBB000822D2 /* NAModels.framework */; };
		FF8BC2092B10BCBB000822D2 /* NAModels.framework in Embed Frameworks */ = {isa = PBXBuildFile; fileRef = FF8BC2072B10BCBB000822D2 /* NAModels.framework */; settings = {ATTRIBUTES = (CodeSignOnCopy, RemoveHeadersOnCopy, ); }; };
		FF8BC20C2B10BE09000822D2 /* NAData.framework in Frameworks */ = {isa = PBXBuildFile; fileRef = FF8BC20B2B10BE09000822D2 /* NAData.framework */; };
		FF8BC20D2B10BE09000822D2 /* NAData.framework in Embed Frameworks */ = {isa = PBXBuildFile; fileRef = FF8BC20B2B10BE09000822D2 /* NAData.framework */; settings = {ATTRIBUTES = (CodeSignOnCopy, RemoveHeadersOnCopy, ); }; };
		FF8BC2412B14BA3D000822D2 /* SourceUI.swift in Sources */ = {isa = PBXBuildFile; fileRef = FF8BC2402B14BA3D000822D2 /* SourceUI.swift */; };
		FF8D52B22B44945F000DA5DF /* SourceDetailsView.swift in Sources */ = {isa = PBXBuildFile; fileRef = FF8D52B12B44945F000DA5DF /* SourceDetailsView.swift */; };
		FF8D52B42B4579C9000DA5DF /* SourceDetailsViewModel.swift in Sources */ = {isa = PBXBuildFile; fileRef = FF8D52B32B4579C9000DA5DF /* SourceDetailsViewModel.swift */; };
		FF8D52DB2B4591AA000DA5DF /* SourcesContainer.swift in Sources */ = {isa = PBXBuildFile; fileRef = FF8D52DA2B4591AA000DA5DF /* SourcesContainer.swift */; };
		FF8D52DE2B4591F5000DA5DF /* Swinject in Frameworks */ = {isa = PBXBuildFile; productRef = FF8D52DD2B4591F5000DA5DF /* Swinject */; };
		FFDD9C962B3EE5A000D4915D /* NACommon.framework in Frameworks */ = {isa = PBXBuildFile; fileRef = FFDD9C952B3EE5A000D4915D /* NACommon.framework */; };
		FFDD9C972B3EE5A000D4915D /* NACommon.framework in Embed Frameworks */ = {isa = PBXBuildFile; fileRef = FFDD9C952B3EE5A000D4915D /* NACommon.framework */; settings = {ATTRIBUTES = (CodeSignOnCopy, RemoveHeadersOnCopy, ); }; };
/* End PBXBuildFile section */

/* Begin PBXCopyFilesBuildPhase section */
		FF8BC20A2B10BCBB000822D2 /* Embed Frameworks */ = {
			isa = PBXCopyFilesBuildPhase;
			buildActionMask = 2147483647;
			dstPath = "";
			dstSubfolderSpec = 10;
			files = (
				FF8BC2092B10BCBB000822D2 /* NAModels.framework in Embed Frameworks */,
				FF8BC20D2B10BE09000822D2 /* NAData.framework in Embed Frameworks */,
				FFDD9C972B3EE5A000D4915D /* NACommon.framework in Embed Frameworks */,
			);
			name = "Embed Frameworks";
			runOnlyForDeploymentPostprocessing = 0;
		};
/* End PBXCopyFilesBuildPhase section */

/* Begin PBXFileReference section */
		FF8BC1A32B10ADFD000822D2 /* NASources.framework */ = {isa = PBXFileReference; explicitFileType = wrapper.framework; includeInIndex = 0; path = NASources.framework; sourceTree = BUILT_PRODUCTS_DIR; };
		FF8BC1A62B10ADFD000822D2 /* NASources.h */ = {isa = PBXFileReference; lastKnownFileType = sourcecode.c.h; path = NASources.h; sourceTree = "<group>"; };
		FF8BC1A72B10ADFD000822D2 /* NASources.docc */ = {isa = PBXFileReference; lastKnownFileType = folder.documentationcatalog; path = NASources.docc; sourceTree = "<group>"; };
		FF8BC1B52B10AE25000822D2 /* SourcesView.swift */ = {isa = PBXFileReference; lastKnownFileType = sourcecode.swift; path = SourcesView.swift; sourceTree = "<group>"; };
		FF8BC2072B10BCBB000822D2 /* NAModels.framework */ = {isa = PBXFileReference; explicitFileType = wrapper.framework; path = NAModels.framework; sourceTree = BUILT_PRODUCTS_DIR; };
		FF8BC20B2B10BE09000822D2 /* NAData.framework */ = {isa = PBXFileReference; explicitFileType = wrapper.framework; path = NAData.framework; sourceTree = BUILT_PRODUCTS_DIR; };
		FF8BC2402B14BA3D000822D2 /* SourceUI.swift */ = {isa = PBXFileReference; lastKnownFileType = sourcecode.swift; path = SourceUI.swift; sourceTree = "<group>"; };
		FF8D52B12B44945F000DA5DF /* SourceDetailsView.swift */ = {isa = PBXFileReference; lastKnownFileType = sourcecode.swift; path = SourceDetailsView.swift; sourceTree = "<group>"; };
		FF8D52B32B4579C9000DA5DF /* SourceDetailsViewModel.swift */ = {isa = PBXFileReference; lastKnownFileType = sourcecode.swift; path = SourceDetailsViewModel.swift; sourceTree = "<group>"; };
		FF8D52DA2B4591AA000DA5DF /* SourcesContainer.swift */ = {isa = PBXFileReference; lastKnownFileType = sourcecode.swift; path = SourcesContainer.swift; sourceTree = "<group>"; };
		FFDD9C952B3EE5A000D4915D /* NACommon.framework */ = {isa = PBXFileReference; explicitFileType = wrapper.framework; path = NACommon.framework; sourceTree = BUILT_PRODUCTS_DIR; };
/* End PBXFileReference section */

/* Begin PBXFrameworksBuildPhase section */
		FF8BC1A02B10ADFD000822D2 /* Frameworks */ = {
			isa = PBXFrameworksBuildPhase;
			buildActionMask = 2147483647;
			files = (
				FF8BC2082B10BCBB000822D2 /* NAModels.framework in Frameworks */,
				FF8BC20C2B10BE09000822D2 /* NAData.framework in Frameworks */,
				FFDD9C962B3EE5A000D4915D /* NACommon.framework in Frameworks */,
				FF8D52DE2B4591F5000DA5DF /* Swinject in Frameworks */,
			);
			runOnlyForDeploymentPostprocessing = 0;
		};
/* End PBXFrameworksBuildPhase section */

/* Begin PBXGroup section */
		FF8BC1992B10ADFD000822D2 = {
			isa = PBXGroup;
			children = (
				FF8BC1A52B10ADFD000822D2 /* NASources */,
				FF8BC1A42B10ADFD000822D2 /* Products */,
				FF8BC2062B10BCBB000822D2 /* Frameworks */,
			);
			sourceTree = "<group>";
		};
		FF8BC1A42B10ADFD000822D2 /* Products */ = {
			isa = PBXGroup;
			children = (
				FF8BC1A32B10ADFD000822D2 /* NASources.framework */,
			);
			name = Products;
			sourceTree = "<group>";
		};
		FF8BC1A52B10ADFD000822D2 /* NASources */ = {
			isa = PBXGroup;
			children = (
				FF8BC1A62B10ADFD000822D2 /* NASources.h */,
				FF8BC1A72B10ADFD000822D2 /* NASources.docc */,
				FF8BC1B52B10AE25000822D2 /* SourcesView.swift */,
				FF8BC2402B14BA3D000822D2 /* SourceUI.swift */,
				FF8D52B12B44945F000DA5DF /* SourceDetailsView.swift */,
				FF8D52B32B4579C9000DA5DF /* SourceDetailsViewModel.swift */,
				FF8D52DA2B4591AA000DA5DF /* SourcesContainer.swift */,
			);
			path = NASources;
			sourceTree = "<group>";
		};
		FF8BC2062B10BCBB000822D2 /* Frameworks */ = {
			isa = PBXGroup;
			children = (
				FFDD9C952B3EE5A000D4915D /* NACommon.framework */,
				FF8BC20B2B10BE09000822D2 /* NAData.framework */,
				FF8BC2072B10BCBB000822D2 /* NAModels.framework */,
			);
			name = Frameworks;
			sourceTree = "<group>";
		};
/* End PBXGroup section */

/* Begin PBXHeadersBuildPhase section */
		FF8BC19E2B10ADFD000822D2 /* Headers */ = {
			isa = PBXHeadersBuildPhase;
			buildActionMask = 2147483647;
			files = (
				FF8BC1A92B10ADFD000822D2 /* NASources.h in Headers */,
			);
			runOnlyForDeploymentPostprocessing = 0;
		};
/* End PBXHeadersBuildPhase section */

/* Begin PBXNativeTarget section */
		FF8BC1A22B10ADFD000822D2 /* NASources */ = {
			isa = PBXNativeTarget;
			buildConfigurationList = FF8BC1AC2B10ADFD000822D2 /* Build configuration list for PBXNativeTarget "NASources" */;
			buildPhases = (
				FF8BC19E2B10ADFD000822D2 /* Headers */,
				FF8BC19F2B10ADFD000822D2 /* Sources */,
				FF8BC1A02B10ADFD000822D2 /* Frameworks */,
				FF8BC1A12B10ADFD000822D2 /* Resources */,
				FF8BC20A2B10BCBB000822D2 /* Embed Frameworks */,
			);
			buildRules = (
			);
			dependencies = (
			);
			name = NASources;
			packageProductDependencies = (
				FF8D52DD2B4591F5000DA5DF /* Swinject */,
			);
			productName = NASources;
			productReference = FF8BC1A32B10ADFD000822D2 /* NASources.framework */;
			productType = "com.apple.product-type.framework";
		};
/* End PBXNativeTarget section */

/* Begin PBXProject section */
		FF8BC19A2B10ADFD000822D2 /* Project object */ = {
			isa = PBXProject;
			attributes = {
				BuildIndependentTargetsInParallel = 1;
				LastUpgradeCheck = 1500;
				TargetAttributes = {
					FF8BC1A22B10ADFD000822D2 = {
						CreatedOnToolsVersion = 15.0.1;
					};
				};
			};
			buildConfigurationList = FF8BC19D2B10ADFD000822D2 /* Build configuration list for PBXProject "NASources" */;
			compatibilityVersion = "Xcode 14.0";
			developmentRegion = en;
			hasScannedForEncodings = 0;
			knownRegions = (
				en,
				Base,
			);
			mainGroup = FF8BC1992B10ADFD000822D2;
			packageReferences = (
				FF8D52DC2B4591F5000DA5DF /* XCRemoteSwiftPackageReference "Swinject" */,
			);
			productRefGroup = FF8BC1A42B10ADFD000822D2 /* Products */;
			projectDirPath = "";
			projectRoot = "";
			targets = (
				FF8BC1A22B10ADFD000822D2 /* NASources */,
			);
		};
/* End PBXProject section */

/* Begin PBXResourcesBuildPhase section */
		FF8BC1A12B10ADFD000822D2 /* Resources */ = {
			isa = PBXResourcesBuildPhase;
			buildActionMask = 2147483647;
			files = (
			);
			runOnlyForDeploymentPostprocessing = 0;
		};
/* End PBXResourcesBuildPhase section */

/* Begin PBXSourcesBuildPhase section */
		FF8BC19F2B10ADFD000822D2 /* Sources */ = {
			isa = PBXSourcesBuildPhase;
			buildActionMask = 2147483647;
			files = (
				FF8D52B22B44945F000DA5DF /* SourceDetailsView.swift in Sources */,
				FF8D52B42B4579C9000DA5DF /* SourceDetailsViewModel.swift in Sources */,
				FF8D52DB2B4591AA000DA5DF /* SourcesContainer.swift in Sources */,
				FF8BC1B62B10AE25000822D2 /* SourcesView.swift in Sources */,
				FF8BC2412B14BA3D000822D2 /* SourceUI.swift in Sources */,
				FF8BC1A82B10ADFD000822D2 /* NASources.docc in Sources */,
			);
			runOnlyForDeploymentPostprocessing = 0;
		};
/* End PBXSourcesBuildPhase section */

/* Begin XCBuildConfiguration section */
		FF8BC1AA2B10ADFD000822D2 /* Debug */ = {
			isa = XCBuildConfiguration;
			buildSettings = {
				ALWAYS_SEARCH_USER_PATHS = NO;
				ASSETCATALOG_COMPILER_GENERATE_SWIFT_ASSET_SYMBOL_EXTENSIONS = YES;
				CLANG_ANALYZER_NONNULL = YES;
				CLANG_ANALYZER_NUMBER_OBJECT_CONVERSION = YES_AGGRESSIVE;
				CLANG_CXX_LANGUAGE_STANDARD = "gnu++20";
				CLANG_ENABLE_MODULES = YES;
				CLANG_ENABLE_OBJC_ARC = YES;
				CLANG_ENABLE_OBJC_WEAK = YES;
				CLANG_WARN_BLOCK_CAPTURE_AUTORELEASING = YES;
				CLANG_WARN_BOOL_CONVERSION = YES;
				CLANG_WARN_COMMA = YES;
				CLANG_WARN_CONSTANT_CONVERSION = YES;
				CLANG_WARN_DEPRECATED_OBJC_IMPLEMENTATIONS = YES;
				CLANG_WARN_DIRECT_OBJC_ISA_USAGE = YES_ERROR;
				CLANG_WARN_DOCUMENTATION_COMMENTS = YES;
				CLANG_WARN_EMPTY_BODY = YES;
				CLANG_WARN_ENUM_CONVERSION = YES;
				CLANG_WARN_INFINITE_RECURSION = YES;
				CLANG_WARN_INT_CONVERSION = YES;
				CLANG_WARN_NON_LITERAL_NULL_CONVERSION = YES;
				CLANG_WARN_OBJC_IMPLICIT_RETAIN_SELF = YES;
				CLANG_WARN_OBJC_LITERAL_CONVERSION = YES;
				CLANG_WARN_OBJC_ROOT_CLASS = YES_ERROR;
				CLANG_WARN_QUOTED_INCLUDE_IN_FRAMEWORK_HEADER = YES;
				CLANG_WARN_RANGE_LOOP_ANALYSIS = YES;
				CLANG_WARN_STRICT_PROTOTYPES = YES;
				CLANG_WARN_SUSPICIOUS_MOVE = YES;
				CLANG_WARN_UNGUARDED_AVAILABILITY = YES_AGGRESSIVE;
				CLANG_WARN_UNREACHABLE_CODE = YES;
				CLANG_WARN__DUPLICATE_METHOD_MATCH = YES;
				COPY_PHASE_STRIP = NO;
				CURRENT_PROJECT_VERSION = 1;
				DEBUG_INFORMATION_FORMAT = dwarf;
				ENABLE_STRICT_OBJC_MSGSEND = YES;
				ENABLE_TESTABILITY = YES;
				ENABLE_USER_SCRIPT_SANDBOXING = YES;
				GCC_C_LANGUAGE_STANDARD = gnu17;
				GCC_DYNAMIC_NO_PIC = NO;
				GCC_NO_COMMON_BLOCKS = YES;
				GCC_OPTIMIZATION_LEVEL = 0;
				GCC_PREPROCESSOR_DEFINITIONS = (
					"DEBUG=1",
					"$(inherited)",
				);
				GCC_WARN_64_TO_32_BIT_CONVERSION = YES;
				GCC_WARN_ABOUT_RETURN_TYPE = YES_ERROR;
				GCC_WARN_UNDECLARED_SELECTOR = YES;
				GCC_WARN_UNINITIALIZED_AUTOS = YES_AGGRESSIVE;
				GCC_WARN_UNUSED_FUNCTION = YES;
				GCC_WARN_UNUSED_VARIABLE = YES;
				IPHONEOS_DEPLOYMENT_TARGET = 17.0;
				LOCALIZATION_PREFERS_STRING_CATALOGS = YES;
				MTL_ENABLE_DEBUG_INFO = INCLUDE_SOURCE;
				MTL_FAST_MATH = YES;
				ONLY_ACTIVE_ARCH = YES;
				SDKROOT = iphoneos;
				SWIFT_ACTIVE_COMPILATION_CONDITIONS = "DEBUG $(inherited)";
				SWIFT_OPTIMIZATION_LEVEL = "-Onone";
				VERSIONING_SYSTEM = "apple-generic";
				VERSION_INFO_PREFIX = "";
			};
			name = Debug;
		};
		FF8BC1AB2B10ADFD000822D2 /* Release */ = {
			isa = XCBuildConfiguration;
			buildSettings = {
				ALWAYS_SEARCH_USER_PATHS = NO;
				ASSETCATALOG_COMPILER_GENERATE_SWIFT_ASSET_SYMBOL_EXTENSIONS = YES;
				CLANG_ANALYZER_NONNULL = YES;
				CLANG_ANALYZER_NUMBER_OBJECT_CONVERSION = YES_AGGRESSIVE;
				CLANG_CXX_LANGUAGE_STANDARD = "gnu++20";
				CLANG_ENABLE_MODULES = YES;
				CLANG_ENABLE_OBJC_ARC = YES;
				CLANG_ENABLE_OBJC_WEAK = YES;
				CLANG_WARN_BLOCK_CAPTURE_AUTORELEASING = YES;
				CLANG_WARN_BOOL_CONVERSION = YES;
				CLANG_WARN_COMMA = YES;
				CLANG_WARN_CONSTANT_CONVERSION = YES;
				CLANG_WARN_DEPRECATED_OBJC_IMPLEMENTATIONS = YES;
				CLANG_WARN_DIRECT_OBJC_ISA_USAGE = YES_ERROR;
				CLANG_WARN_DOCUMENTATION_COMMENTS = YES;
				CLANG_WARN_EMPTY_BODY = YES;
				CLANG_WARN_ENUM_CONVERSION = YES;
				CLANG_WARN_INFINITE_RECURSION = YES;
				CLANG_WARN_INT_CONVERSION = YES;
				CLANG_WARN_NON_LITERAL_NULL_CONVERSION = YES;
				CLANG_WARN_OBJC_IMPLICIT_RETAIN_SELF = YES;
				CLANG_WARN_OBJC_LITERAL_CONVERSION = YES;
				CLANG_WARN_OBJC_ROOT_CLASS = YES_ERROR;
				CLANG_WARN_QUOTED_INCLUDE_IN_FRAMEWORK_HEADER = YES;
				CLANG_WARN_RANGE_LOOP_ANALYSIS = YES;
				CLANG_WARN_STRICT_PROTOTYPES = YES;
				CLANG_WARN_SUSPICIOUS_MOVE = YES;
				CLANG_WARN_UNGUARDED_AVAILABILITY = YES_AGGRESSIVE;
				CLANG_WARN_UNREACHABLE_CODE = YES;
				CLANG_WARN__DUPLICATE_METHOD_MATCH = YES;
				COPY_PHASE_STRIP = NO;
				CURRENT_PROJECT_VERSION = 1;
				DEBUG_INFORMATION_FORMAT = "dwarf-with-dsym";
				ENABLE_NS_ASSERTIONS = NO;
				ENABLE_STRICT_OBJC_MSGSEND = YES;
				ENABLE_USER_SCRIPT_SANDBOXING = YES;
				GCC_C_LANGUAGE_STANDARD = gnu17;
				GCC_NO_COMMON_BLOCKS = YES;
				GCC_WARN_64_TO_32_BIT_CONVERSION = YES;
				GCC_WARN_ABOUT_RETURN_TYPE = YES_ERROR;
				GCC_WARN_UNDECLARED_SELECTOR = YES;
				GCC_WARN_UNINITIALIZED_AUTOS = YES_AGGRESSIVE;
				GCC_WARN_UNUSED_FUNCTION = YES;
				GCC_WARN_UNUSED_VARIABLE = YES;
				IPHONEOS_DEPLOYMENT_TARGET = 17.0;
				LOCALIZATION_PREFERS_STRING_CATALOGS = YES;
				MTL_ENABLE_DEBUG_INFO = NO;
				MTL_FAST_MATH = YES;
				SDKROOT = iphoneos;
				SWIFT_COMPILATION_MODE = wholemodule;
				VALIDATE_PRODUCT = YES;
				VERSIONING_SYSTEM = "apple-generic";
				VERSION_INFO_PREFIX = "";
			};
			name = Release;
		};
		FF8BC1AD2B10ADFD000822D2 /* Debug */ = {
			isa = XCBuildConfiguration;
			buildSettings = {
				CODE_SIGN_STYLE = Automatic;
				CURRENT_PROJECT_VERSION = 1;
				DEFINES_MODULE = YES;
				DEVELOPMENT_TEAM = LM25D373KF;
				DYLIB_COMPATIBILITY_VERSION = 1;
				DYLIB_CURRENT_VERSION = 1;
				DYLIB_INSTALL_NAME_BASE = "@rpath";
				ENABLE_MODULE_VERIFIER = YES;
				GENERATE_INFOPLIST_FILE = YES;
				INFOPLIST_KEY_NSHumanReadableCopyright = "";
				INSTALL_PATH = "$(LOCAL_LIBRARY_DIR)/Frameworks";
				IPHONEOS_DEPLOYMENT_TARGET = 13.6;
				LD_RUNPATH_SEARCH_PATHS = (
					"$(inherited)",
					"@executable_path/Frameworks",
					"@loader_path/Frameworks",
				);
				MARKETING_VERSION = 1.0;
				MODULE_VERIFIER_SUPPORTED_LANGUAGES = "objective-c objective-c++";
				MODULE_VERIFIER_SUPPORTED_LANGUAGE_STANDARDS = "gnu17 gnu++20";
				PRODUCT_BUNDLE_IDENTIFIER = com.rbrauwers.NASources;
				PRODUCT_NAME = "$(TARGET_NAME:c99extidentifier)";
				SKIP_INSTALL = YES;
				SWIFT_EMIT_LOC_STRINGS = YES;
				SWIFT_VERSION = 5.0;
				TARGETED_DEVICE_FAMILY = "1,2";
			};
			name = Debug;
		};
		FF8BC1AE2B10ADFD000822D2 /* Release */ = {
			isa = XCBuildConfiguration;
			buildSettings = {
				CODE_SIGN_STYLE = Automatic;
				CURRENT_PROJECT_VERSION = 1;
				DEFINES_MODULE = YES;
				DEVELOPMENT_TEAM = LM25D373KF;
				DYLIB_COMPATIBILITY_VERSION = 1;
				DYLIB_CURRENT_VERSION = 1;
				DYLIB_INSTALL_NAME_BASE = "@rpath";
				ENABLE_MODULE_VERIFIER = YES;
				GENERATE_INFOPLIST_FILE = YES;
				INFOPLIST_KEY_NSHumanReadableCopyright = "";
				INSTALL_PATH = "$(LOCAL_LIBRARY_DIR)/Frameworks";
				IPHONEOS_DEPLOYMENT_TARGET = 13.6;
				LD_RUNPATH_SEARCH_PATHS = (
					"$(inherited)",
					"@executable_path/Frameworks",
					"@loader_path/Frameworks",
				);
				MARKETING_VERSION = 1.0;
				MODULE_VERIFIER_SUPPORTED_LANGUAGES = "objective-c objective-c++";
				MODULE_VERIFIER_SUPPORTED_LANGUAGE_STANDARDS = "gnu17 gnu++20";
				PRODUCT_BUNDLE_IDENTIFIER = com.rbrauwers.NASources;
				PRODUCT_NAME = "$(TARGET_NAME:c99extidentifier)";
				SKIP_INSTALL = YES;
				SWIFT_EMIT_LOC_STRINGS = YES;
				SWIFT_VERSION = 5.0;
				TARGETED_DEVICE_FAMILY = "1,2";
			};
			name = Release;
		};
/* End XCBuildConfiguration section */

/* Begin XCConfigurationList section */
		FF8BC19D2B10ADFD000822D2 /* Build configuration list for PBXProject "NASources" */ = {
			isa = XCConfigurationList;
			buildConfigurations = (
				FF8BC1AA2B10ADFD000822D2 /* Debug */,
				FF8BC1AB2B10ADFD000822D2 /* Release */,
			);
			defaultConfigurationIsVisible = 0;
			defaultConfigurationName = Release;
		};
		FF8BC1AC2B10ADFD000822D2 /* Build configuration list for PBXNativeTarget "NASources" */ = {
			isa = XCConfigurationList;
			buildConfigurations = (
				FF8BC1AD2B10ADFD000822D2 /* Debug */,
				FF8BC1AE2B10ADFD000822D2 /* Release */,
			);
			defaultConfigurationIsVisible = 0;
			defaultConfigurationName = Release;
		};
/* End XCConfigurationList section */

/* Begin XCRemoteSwiftPackageReference section */
		FF8D52DC2B4591F5000DA5DF /* XCRemoteSwiftPackageReference "Swinject" */ = {
			isa = XCRemoteSwiftPackageReference;
			repositoryURL = "https://github.com/Swinject/Swinject.git";
			requirement = {
				kind = upToNextMajorVersion;
				minimumVersion = 2.8.4;
			};
		};
/* End XCRemoteSwiftPackageReference section */

/* Begin XCSwiftPackageProductDependency section */
		FF8D52DD2B4591F5000DA5DF /* Swinject */ = {
			isa = XCSwiftPackageProductDependency;
			package = FF8D52DC2B4591F5000DA5DF /* XCRemoteSwiftPackageReference "Swinject" */;
			productName = Swinject;
		};
/* End XCSwiftPackageProductDependency section */
	};
	rootObject = FF8BC19A2B10ADFD000822D2 /* Project object */;
}
